
Microsoft Visual Studio Solution File, Format Version 12.00
# Visual Studio 15
VisualStudioVersion = 15.0.28010.2050
MinimumVisualStudioVersion = 10.0.40219.1
Project("{FAE04EC0-301F-11D3-BF4B-00C04F79EFBC}") = "CSB", "CSB\CSB.csproj", "{8244D1E5-7503-4E84-AC6C-7A0AC5D2F17F}"
EndProject
Global
	GlobalSection(SolutionConfigurationPlatforms) = preSolution
		Debug|Any CPU = Debug|Any CPU
		Release|Any CPU = Release|Any CPU
	EndGlobalSection
	GlobalSection(ProjectConfigurationPlatforms) = postSolution
		{8244D1E5-7503-4E84-AC6C-7A0AC5D2F17F}.Debug|Any CPU.ActiveCfg = Debug|Any CPU
		{8244D1E5-7503-4E84-AC6C-7A0AC5D2F17F}.Debug|Any CPU.Build.0 = Debug|Any CPU
		{8244D1E5-7503-4E84-AC6C-7A0AC5D2F17F}.Release|Any CPU.ActiveCfg = Release|Any CPU
		{8244D1E5-7503-4E84-AC6C-7A0AC5D2F17F}.Release|Any CPU.Build.0 = Release|Any CPU
	EndGlobalSection
	GlobalSection(SolutionProperties) = preSolution
		HideSolutionNode = FALSE
	EndGlobalSection
	GlobalSection(ExtensibilityGlobals) = postSolution
		SolutionGuid = {9D2501B6-C282-4200-B7F4-A688362AE287}
	EndGlobalSection
EndGlobal
