
Microsoft Visual Studio Solution File, Format Version 12.00
# Visual Studio 15
VisualStudioVersion = 15.0.27703.2047
MinimumVisualStudioVersion = 10.0.40219.1
Project("{FAE04EC0-301F-11D3-BF4B-00C04F79EFBC}") = "MyPlayerNet", "MyPlayerNet\MyPlayerNet.csproj", "{7917C078-6F14-4CE1-991C-80CC9C59CD52}"
EndProject
Global
	GlobalSection(SolutionConfigurationPlatforms) = preSolution
		Debug|Any CPU = Debug|Any CPU
		Release|Any CPU = Release|Any CPU
	EndGlobalSection
	GlobalSection(ProjectConfigurationPlatforms) = postSolution
		{7917C078-6F14-4CE1-991C-80CC9C59CD52}.Debug|Any CPU.ActiveCfg = Debug|Any CPU
		{7917C078-6F14-4CE1-991C-80CC9C59CD52}.Debug|Any CPU.Build.0 = Debug|Any CPU
		{7917C078-6F14-4CE1-991C-80CC9C59CD52}.Release|Any CPU.ActiveCfg = Release|Any CPU
		{7917C078-6F14-4CE1-991C-80CC9C59CD52}.Release|Any CPU.Build.0 = Release|Any CPU
	EndGlobalSection
	GlobalSection(SolutionProperties) = preSolution
		HideSolutionNode = FALSE
	EndGlobalSection
	GlobalSection(ExtensibilityGlobals) = postSolution
		SolutionGuid = {729C36A7-7E7F-47C7-A8F5-99FFE0F8EB44}
	EndGlobalSection
EndGlobal
