
Microsoft Visual Studio Solution File, Format Version 12.00
# Visual Studio 15
VisualStudioVersion = 15.0.28010.2019
MinimumVisualStudioVersion = 10.0.40219.1
Project("{FAE04EC0-301F-11D3-BF4B-00C04F79EFBC}") = "TicTacToe", "TicTacToe\TicTacToe.csproj", "{53E3B2EA-BD68-49B6-A4A1-DACFA758F50A}"
EndProject
Global
	GlobalSection(SolutionConfigurationPlatforms) = preSolution
		Debug|Any CPU = Debug|Any CPU
		Release|Any CPU = Release|Any CPU
	EndGlobalSection
	GlobalSection(ProjectConfigurationPlatforms) = postSolution
		{53E3B2EA-BD68-49B6-A4A1-DACFA758F50A}.Debug|Any CPU.ActiveCfg = Debug|Any CPU
		{53E3B2EA-BD68-49B6-A4A1-DACFA758F50A}.Debug|Any CPU.Build.0 = Debug|Any CPU
		{53E3B2EA-BD68-49B6-A4A1-DACFA758F50A}.Release|Any CPU.ActiveCfg = Release|Any CPU
		{53E3B2EA-BD68-49B6-A4A1-DACFA758F50A}.Release|Any CPU.Build.0 = Release|Any CPU
	EndGlobalSection
	GlobalSection(SolutionProperties) = preSolution
		HideSolutionNode = FALSE
	EndGlobalSection
	GlobalSection(ExtensibilityGlobals) = postSolution
		SolutionGuid = {07EE0E26-8586-4860-838D-9015494D3EE1}
	EndGlobalSection
EndGlobal
