
Microsoft Visual Studio Solution File, Format Version 12.00
# Visual Studio 15
VisualStudioVersion = 15.0.27703.2026
MinimumVisualStudioVersion = 10.0.40219.1
Project("{9A19103F-16F7-4668-BE54-9A1E7A4F7556}") = "Glues", "Glues\Glues.csproj", "{12B106D7-AF00-4767-B06E-7DBE5BA975C2}"
EndProject
Project("{FAE04EC0-301F-11D3-BF4B-00C04F79EFBC}") = "Glues.Tests", "Glues.Tests\Glues.Tests.csproj", "{F60B93F2-D205-4C00-9ADD-B702C912C300}"
EndProject
Global
	GlobalSection(SolutionConfigurationPlatforms) = preSolution
		Debug|Any CPU = Debug|Any CPU
		Release|Any CPU = Release|Any CPU
	EndGlobalSection
	GlobalSection(ProjectConfigurationPlatforms) = postSolution
		{12B106D7-AF00-4767-B06E-7DBE5BA975C2}.Debug|Any CPU.ActiveCfg = Debug|Any CPU
		{12B106D7-AF00-4767-B06E-7DBE5BA975C2}.Debug|Any CPU.Build.0 = Debug|Any CPU
		{12B106D7-AF00-4767-B06E-7DBE5BA975C2}.Release|Any CPU.ActiveCfg = Release|Any CPU
		{12B106D7-AF00-4767-B06E-7DBE5BA975C2}.Release|Any CPU.Build.0 = Release|Any CPU
		{F60B93F2-D205-4C00-9ADD-B702C912C300}.Debug|Any CPU.ActiveCfg = Debug|Any CPU
		{F60B93F2-D205-4C00-9ADD-B702C912C300}.Debug|Any CPU.Build.0 = Debug|Any CPU
		{F60B93F2-D205-4C00-9ADD-B702C912C300}.Release|Any CPU.ActiveCfg = Release|Any CPU
		{F60B93F2-D205-4C00-9ADD-B702C912C300}.Release|Any CPU.Build.0 = Release|Any CPU
	EndGlobalSection
	GlobalSection(SolutionProperties) = preSolution
		HideSolutionNode = FALSE
	EndGlobalSection
	GlobalSection(ExtensibilityGlobals) = postSolution
		SolutionGuid = {F885973E-2144-4620-82D5-5D1D8FE06F4F}
	EndGlobalSection
EndGlobal
