
Microsoft Visual Studio Solution File, Format Version 12.00
# Visual Studio 15
VisualStudioVersion = 15.0.28307.136
MinimumVisualStudioVersion = 10.0.40219.1
Project("{FAE04EC0-301F-11D3-BF4B-00C04F79EFBC}") = "XmasRush", "XmasRush\XmasRush.csproj", "{84E6CDD6-DA29-49F9-8793-21E70596AB52}"
EndProject
Project("{FAE04EC0-301F-11D3-BF4B-00C04F79EFBC}") = "XmasRush.Tests", "XmasRush.Tests\XmasRush.Tests.csproj", "{5E35486D-8BE0-42D9-AE10-882625D492CA}"
EndProject
Global
	GlobalSection(SolutionConfigurationPlatforms) = preSolution
		Debug|Any CPU = Debug|Any CPU
		Release|Any CPU = Release|Any CPU
	EndGlobalSection
	GlobalSection(ProjectConfigurationPlatforms) = postSolution
		{84E6CDD6-DA29-49F9-8793-21E70596AB52}.Debug|Any CPU.ActiveCfg = Debug|Any CPU
		{84E6CDD6-DA29-49F9-8793-21E70596AB52}.Debug|Any CPU.Build.0 = Debug|Any CPU
		{84E6CDD6-DA29-49F9-8793-21E70596AB52}.Release|Any CPU.ActiveCfg = Release|Any CPU
		{84E6CDD6-DA29-49F9-8793-21E70596AB52}.Release|Any CPU.Build.0 = Release|Any CPU
		{5E35486D-8BE0-42D9-AE10-882625D492CA}.Debug|Any CPU.ActiveCfg = Debug|Any CPU
		{5E35486D-8BE0-42D9-AE10-882625D492CA}.Debug|Any CPU.Build.0 = Debug|Any CPU
		{5E35486D-8BE0-42D9-AE10-882625D492CA}.Release|Any CPU.ActiveCfg = Release|Any CPU
		{5E35486D-8BE0-42D9-AE10-882625D492CA}.Release|Any CPU.Build.0 = Release|Any CPU
	EndGlobalSection
	GlobalSection(SolutionProperties) = preSolution
		HideSolutionNode = FALSE
	EndGlobalSection
	GlobalSection(ExtensibilityGlobals) = postSolution
		SolutionGuid = {00E9120A-0C0B-4658-871D-74D382357A0A}
	EndGlobalSection
EndGlobal
