
Microsoft Visual Studio Solution File, Format Version 12.00
# Visual Studio 15
VisualStudioVersion = 15.0.26124.0
MinimumVisualStudioVersion = 15.0.26124.0
Project("{FAE04EC0-301F-11D3-BF4B-00C04F79EFBC}") = "Kutulu.Tests", "Kutulu.Tests\Kutulu.Tests.csproj", "{2370827A-065D-4B59-9ADA-BBC14D52E4AB}"
EndProject
Project("{9A19103F-16F7-4668-BE54-9A1E7A4F7556}") = "Kutulu", "Player\Kutulu.csproj", "{8B72D97A-C683-4E35-B701-125C11EBD332}"
EndProject
Global
	GlobalSection(SolutionConfigurationPlatforms) = preSolution
		Debug|Any CPU = Debug|Any CPU
		Debug|x64 = Debug|x64
		Debug|x86 = Debug|x86
		Release|Any CPU = Release|Any CPU
		Release|x64 = Release|x64
		Release|x86 = Release|x86
	EndGlobalSection
	GlobalSection(ProjectConfigurationPlatforms) = postSolution
		{2370827A-065D-4B59-9ADA-BBC14D52E4AB}.Debug|Any CPU.ActiveCfg = Debug|Any CPU
		{2370827A-065D-4B59-9ADA-BBC14D52E4AB}.Debug|Any CPU.Build.0 = Debug|Any CPU
		{2370827A-065D-4B59-9ADA-BBC14D52E4AB}.Debug|x64.ActiveCfg = Debug|Any CPU
		{2370827A-065D-4B59-9ADA-BBC14D52E4AB}.Debug|x64.Build.0 = Debug|Any CPU
		{2370827A-065D-4B59-9ADA-BBC14D52E4AB}.Debug|x86.ActiveCfg = Debug|Any CPU
		{2370827A-065D-4B59-9ADA-BBC14D52E4AB}.Debug|x86.Build.0 = Debug|Any CPU
		{2370827A-065D-4B59-9ADA-BBC14D52E4AB}.Release|Any CPU.ActiveCfg = Release|Any CPU
		{2370827A-065D-4B59-9ADA-BBC14D52E4AB}.Release|Any CPU.Build.0 = Release|Any CPU
		{2370827A-065D-4B59-9ADA-BBC14D52E4AB}.Release|x64.ActiveCfg = Release|Any CPU
		{2370827A-065D-4B59-9ADA-BBC14D52E4AB}.Release|x64.Build.0 = Release|Any CPU
		{2370827A-065D-4B59-9ADA-BBC14D52E4AB}.Release|x86.ActiveCfg = Release|Any CPU
		{2370827A-065D-4B59-9ADA-BBC14D52E4AB}.Release|x86.Build.0 = Release|Any CPU
		{8B72D97A-C683-4E35-B701-125C11EBD332}.Debug|Any CPU.ActiveCfg = Debug|Any CPU
		{8B72D97A-C683-4E35-B701-125C11EBD332}.Debug|Any CPU.Build.0 = Debug|Any CPU
		{8B72D97A-C683-4E35-B701-125C11EBD332}.Debug|x64.ActiveCfg = Debug|Any CPU
		{8B72D97A-C683-4E35-B701-125C11EBD332}.Debug|x64.Build.0 = Debug|Any CPU
		{8B72D97A-C683-4E35-B701-125C11EBD332}.Debug|x86.ActiveCfg = Debug|Any CPU
		{8B72D97A-C683-4E35-B701-125C11EBD332}.Debug|x86.Build.0 = Debug|Any CPU
		{8B72D97A-C683-4E35-B701-125C11EBD332}.Release|Any CPU.ActiveCfg = Release|Any CPU
		{8B72D97A-C683-4E35-B701-125C11EBD332}.Release|Any CPU.Build.0 = Release|Any CPU
		{8B72D97A-C683-4E35-B701-125C11EBD332}.Release|x64.ActiveCfg = Release|Any CPU
		{8B72D97A-C683-4E35-B701-125C11EBD332}.Release|x64.Build.0 = Release|Any CPU
		{8B72D97A-C683-4E35-B701-125C11EBD332}.Release|x86.ActiveCfg = Release|Any CPU
		{8B72D97A-C683-4E35-B701-125C11EBD332}.Release|x86.Build.0 = Release|Any CPU
	EndGlobalSection
	GlobalSection(SolutionProperties) = preSolution
		HideSolutionNode = FALSE
	EndGlobalSection
	GlobalSection(ExtensibilityGlobals) = postSolution
		SolutionGuid = {6F5535E1-27D8-4E99-B229-4F9D60727466}
	EndGlobalSection
EndGlobal
