
Microsoft Visual Studio Solution File, Format Version 12.00
# Visual Studio 15
VisualStudioVersion = 15.0.28010.2016
MinimumVisualStudioVersion = 10.0.40219.1
Project("{FAE04EC0-301F-11D3-BF4B-00C04F79EFBC}") = "SmashTheCode", "SmashTheCode\SmashTheCode.csproj", "{016D8C96-1A28-4C1B-B71C-749CC7850CF5}"
EndProject
Project("{FAE04EC0-301F-11D3-BF4B-00C04F79EFBC}") = "SmashTheCode.Tests", "SmashTheCode.Tests\SmashTheCode.Tests.csproj", "{26A1B954-F3D2-46A2-A4E3-4F7EB38D7106}"
EndProject
Global
	GlobalSection(SolutionConfigurationPlatforms) = preSolution
		Debug|Any CPU = Debug|Any CPU
		Release|Any CPU = Release|Any CPU
	EndGlobalSection
	GlobalSection(ProjectConfigurationPlatforms) = postSolution
		{016D8C96-1A28-4C1B-B71C-749CC7850CF5}.Debug|Any CPU.ActiveCfg = Debug|Any CPU
		{016D8C96-1A28-4C1B-B71C-749CC7850CF5}.Debug|Any CPU.Build.0 = Debug|Any CPU
		{016D8C96-1A28-4C1B-B71C-749CC7850CF5}.Release|Any CPU.ActiveCfg = Release|Any CPU
		{016D8C96-1A28-4C1B-B71C-749CC7850CF5}.Release|Any CPU.Build.0 = Release|Any CPU
		{26A1B954-F3D2-46A2-A4E3-4F7EB38D7106}.Debug|Any CPU.ActiveCfg = Debug|Any CPU
		{26A1B954-F3D2-46A2-A4E3-4F7EB38D7106}.Debug|Any CPU.Build.0 = Debug|Any CPU
		{26A1B954-F3D2-46A2-A4E3-4F7EB38D7106}.Release|Any CPU.ActiveCfg = Release|Any CPU
		{26A1B954-F3D2-46A2-A4E3-4F7EB38D7106}.Release|Any CPU.Build.0 = Release|Any CPU
	EndGlobalSection
	GlobalSection(SolutionProperties) = preSolution
		HideSolutionNode = FALSE
	EndGlobalSection
	GlobalSection(ExtensibilityGlobals) = postSolution
		SolutionGuid = {6C8AAA9A-46CB-4861-8AED-31CEFFA3B3B5}
	EndGlobalSection
EndGlobal
